
Microsoft Visual Studio Solution File, Format Version 12.00
# Visual Studio Version 17
VisualStudioVersion = 17.14.36212.18 d17.14
MinimumVisualStudioVersion = 10.0.40219.1
Project("{FAE04EC0-301F-11D3-BF4B-00C04F79EFBC}") = "Processo de Compras", "Processo de Compras\Processo de Compras.csproj", "{07B462AF-CF50-4C01-91E6-1FBE1740C530}"
EndProject
Global
	GlobalSection(SolutionConfigurationPlatforms) = preSolution
		Debug|Any CPU = Debug|Any CPU
		Release|Any CPU = Release|Any CPU
	EndGlobalSection
	GlobalSection(ProjectConfigurationPlatforms) = postSolution
		{07B462AF-CF50-4C01-91E6-1FBE1740C530}.Debug|Any CPU.ActiveCfg = Debug|Any CPU
		{07B462AF-CF50-4C01-91E6-1FBE1740C530}.Debug|Any CPU.Build.0 = Debug|Any CPU
		{07B462AF-CF50-4C01-91E6-1FBE1740C530}.Release|Any CPU.ActiveCfg = Release|Any CPU
		{07B462AF-CF50-4C01-91E6-1FBE1740C530}.Release|Any CPU.Build.0 = Release|Any CPU
	EndGlobalSection
	GlobalSection(SolutionProperties) = preSolution
		HideSolutionNode = FALSE
	EndGlobalSection
	GlobalSection(ExtensibilityGlobals) = postSolution
		SolutionGuid = {55DDA0C0-1589-421A-A57D-4CEB0F1209CB}
	EndGlobalSection
EndGlobal
